// !$*UTF8*$!
{
	archiveVersion = 1;
	classes = {
	};
	objectVersion = 50;
	objects = {

/* Begin PBXBuildFile section */
		C47DC6322386BEC0005697B6 /* AppDelegate.swift in Sources */ = {isa = PBXBuildFile; fileRef = C47DC6312386BEC0005697B6 /* AppDelegate.swift */; };
		C47DC6342386BEC0005697B6 /* ViewController.swift in Sources */ = {isa = PBXBuildFile; fileRef = C47DC6332386BEC0005697B6 /* ViewController.swift */; };
		C47DC6372386BEC0005697B6 /* Main.storyboard in Resources */ = {isa = PBXBuildFile; fileRef = C47DC6352386BEC0005697B6 /* Main.storyboard */; };
		C47DC63A2386BEC0005697B6 /* OlaAssignment.xcdatamodeld in Sources */ = {isa = PBXBuildFile; fileRef = C47DC6382386BEC0005697B6 /* OlaAssignment.xcdatamodeld */; };
		C47DC63C2386BEC2005697B6 /* Assets.xcassets in Resources */ = {isa = PBXBuildFile; fileRef = C47DC63B2386BEC2005697B6 /* Assets.xcassets */; };
		C47DC63F2386BEC2005697B6 /* LaunchScreen.storyboard in Resources */ = {isa = PBXBuildFile; fileRef = C47DC63D2386BEC2005697B6 /* LaunchScreen.storyboard */; };
		C47DC64A2386BEC2005697B6 /* OlaAssignmentTests.swift in Sources */ = {isa = PBXBuildFile; fileRef = C47DC6492386BEC2005697B6 /* OlaAssignmentTests.swift */; };
		C47DC65A2386BF29005697B6 /* MapDetailsModel.swift in Sources */ = {isa = PBXBuildFile; fileRef = C47DC6572386BF29005697B6 /* MapDetailsModel.swift */; };
		C47DC65B2386BF29005697B6 /* Location.swift in Sources */ = {isa = PBXBuildFile; fileRef = C47DC6582386BF29005697B6 /* Location.swift */; };
		C47DC65C2386BF29005697B6 /* VehicleDetails.swift in Sources */ = {isa = PBXBuildFile; fileRef = C47DC6592386BF29005697B6 /* VehicleDetails.swift */; };
		C47DC65E2386BF57005697B6 /* MapDetailsViewModel.swift in Sources */ = {isa = PBXBuildFile; fileRef = C47DC65D2386BF57005697B6 /* MapDetailsViewModel.swift */; };
		C47DC6642386BFB2005697B6 /* APIErrors.swift in Sources */ = {isa = PBXBuildFile; fileRef = C47DC6602386BFB2005697B6 /* APIErrors.swift */; };
		C47DC6652386BFB2005697B6 /* NetworkDataLoader.swift in Sources */ = {isa = PBXBuildFile; fileRef = C47DC6612386BFB2005697B6 /* NetworkDataLoader.swift */; };
		C47DC6662386BFB2005697B6 /* String+URLRequest.swift in Sources */ = {isa = PBXBuildFile; fileRef = C47DC6622386BFB2005697B6 /* String+URLRequest.swift */; };
		C47DC66A2386C752005697B6 /* CabInfoCell.swift in Sources */ = {isa = PBXBuildFile; fileRef = C47DC6682386C752005697B6 /* CabInfoCell.swift */; };
		C47DC66B2386C752005697B6 /* CabInfoCell.xib in Resources */ = {isa = PBXBuildFile; fileRef = C47DC6692386C752005697B6 /* CabInfoCell.xib */; };
		C47DC66D2386C8D9005697B6 /* AsyncImageView.swift in Sources */ = {isa = PBXBuildFile; fileRef = C47DC66C2386C8D9005697B6 /* AsyncImageView.swift */; };
/* End PBXBuildFile section */

/* Begin PBXContainerItemProxy section */
		C47DC6462386BEC2005697B6 /* PBXContainerItemProxy */ = {
			isa = PBXContainerItemProxy;
			containerPortal = C47DC6262386BEC0005697B6 /* Project object */;
			proxyType = 1;
			remoteGlobalIDString = C47DC62D2386BEC0005697B6;
			remoteInfo = OlaAssignment;
		};
/* End PBXContainerItemProxy section */

/* Begin PBXFileReference section */
		C47DC62E2386BEC0005697B6 /* OlaAssignment.app */ = {isa = PBXFileReference; explicitFileType = wrapper.application; includeInIndex = 0; path = OlaAssignment.app; sourceTree = BUILT_PRODUCTS_DIR; };
		C47DC6312386BEC0005697B6 /* AppDelegate.swift */ = {isa = PBXFileReference; lastKnownFileType = sourcecode.swift; path = AppDelegate.swift; sourceTree = "<group>"; };
		C47DC6332386BEC0005697B6 /* ViewController.swift */ = {isa = PBXFileReference; lastKnownFileType = sourcecode.swift; path = ViewController.swift; sourceTree = "<group>"; };
		C47DC6362386BEC0005697B6 /* Base */ = {isa = PBXFileReference; lastKnownFileType = file.storyboard; name = Base; path = Base.lproj/Main.storyboard; sourceTree = "<group>"; };
		C47DC6392386BEC0005697B6 /* OlaAssignment.xcdatamodel */ = {isa = PBXFileReference; lastKnownFileType = wrapper.xcdatamodel; path = OlaAssignment.xcdatamodel; sourceTree = "<group>"; };
		C47DC63B2386BEC2005697B6 /* Assets.xcassets */ = {isa = PBXFileReference; lastKnownFileType = folder.assetcatalog; path = Assets.xcassets; sourceTree = "<group>"; };
		C47DC63E2386BEC2005697B6 /* Base */ = {isa = PBXFileReference; lastKnownFileType = file.storyboard; name = Base; path = Base.lproj/LaunchScreen.storyboard; sourceTree = "<group>"; };
		C47DC6402386BEC2005697B6 /* Info.plist */ = {isa = PBXFileReference; lastKnownFileType = text.plist.xml; path = Info.plist; sourceTree = "<group>"; };
		C47DC6452386BEC2005697B6 /* OlaAssignmentTests.xctest */ = {isa = PBXFileReference; explicitFileType = wrapper.cfbundle; includeInIndex = 0; path = OlaAssignmentTests.xctest; sourceTree = BUILT_PRODUCTS_DIR; };
		C47DC6492386BEC2005697B6 /* OlaAssignmentTests.swift */ = {isa = PBXFileReference; lastKnownFileType = sourcecode.swift; path = OlaAssignmentTests.swift; sourceTree = "<group>"; };
		C47DC64B2386BEC2005697B6 /* Info.plist */ = {isa = PBXFileReference; lastKnownFileType = text.plist.xml; path = Info.plist; sourceTree = "<group>"; };
		C47DC6572386BF29005697B6 /* MapDetailsModel.swift */ = {isa = PBXFileReference; fileEncoding = 4; lastKnownFileType = sourcecode.swift; path = MapDetailsModel.swift; sourceTree = "<group>"; };
		C47DC6582386BF29005697B6 /* Location.swift */ = {isa = PBXFileReference; fileEncoding = 4; lastKnownFileType = sourcecode.swift; path = Location.swift; sourceTree = "<group>"; };
		C47DC6592386BF29005697B6 /* VehicleDetails.swift */ = {isa = PBXFileReference; fileEncoding = 4; lastKnownFileType = sourcecode.swift; path = VehicleDetails.swift; sourceTree = "<group>"; };
		C47DC65D2386BF57005697B6 /* MapDetailsViewModel.swift */ = {isa = PBXFileReference; fileEncoding = 4; lastKnownFileType = sourcecode.swift; path = MapDetailsViewModel.swift; sourceTree = "<group>"; };
		C47DC6602386BFB2005697B6 /* APIErrors.swift */ = {isa = PBXFileReference; fileEncoding = 4; lastKnownFileType = sourcecode.swift; path = APIErrors.swift; sourceTree = "<group>"; };
		C47DC6612386BFB2005697B6 /* NetworkDataLoader.swift */ = {isa = PBXFileReference; fileEncoding = 4; lastKnownFileType = sourcecode.swift; path = NetworkDataLoader.swift; sourceTree = "<group>"; };
		C47DC6622386BFB2005697B6 /* String+URLRequest.swift */ = {isa = PBXFileReference; fileEncoding = 4; lastKnownFileType = sourcecode.swift; path = "String+URLRequest.swift"; sourceTree = "<group>"; };
		C47DC6682386C752005697B6 /* CabInfoCell.swift */ = {isa = PBXFileReference; lastKnownFileType = sourcecode.swift; path = CabInfoCell.swift; sourceTree = "<group>"; };
		C47DC6692386C752005697B6 /* CabInfoCell.xib */ = {isa = PBXFileReference; lastKnownFileType = file.xib; path = CabInfoCell.xib; sourceTree = "<group>"; };
		C47DC66C2386C8D9005697B6 /* AsyncImageView.swift */ = {isa = PBXFileReference; lastKnownFileType = sourcecode.swift; path = AsyncImageView.swift; sourceTree = "<group>"; };
/* End PBXFileReference section */

/* Begin PBXFrameworksBuildPhase section */
		C47DC62B2386BEC0005697B6 /* Frameworks */ = {
			isa = PBXFrameworksBuildPhase;
			buildActionMask = 2147483647;
			files = (
			);
			runOnlyForDeploymentPostprocessing = 0;
		};
		C47DC6422386BEC2005697B6 /* Frameworks */ = {
			isa = PBXFrameworksBuildPhase;
			buildActionMask = 2147483647;
			files = (
			);
			runOnlyForDeploymentPostprocessing = 0;
		};
/* End PBXFrameworksBuildPhase section */

/* Begin PBXGroup section */
		C47DC6252386BEC0005697B6 = {
			isa = PBXGroup;
			children = (
				C47DC6302386BEC0005697B6 /* OlaAssignment */,
				C47DC6482386BEC2005697B6 /* OlaAssignmentTests */,
				C47DC62F2386BEC0005697B6 /* Products */,
			);
			sourceTree = "<group>";
		};
		C47DC62F2386BEC0005697B6 /* Products */ = {
			isa = PBXGroup;
			children = (
				C47DC62E2386BEC0005697B6 /* OlaAssignment.app */,
				C47DC6452386BEC2005697B6 /* OlaAssignmentTests.xctest */,
			);
			name = Products;
			sourceTree = "<group>";
		};
		C47DC6302386BEC0005697B6 /* OlaAssignment */ = {
			isa = PBXGroup;
			children = (
				C47DC65F2386BFB1005697B6 /* Utility */,
				C47DC6542386BEF9005697B6 /* Model */,
				C47DC6552386BEF9005697B6 /* View */,
				C47DC6562386BEF9005697B6 /* ViewModel */,
				C47DC6312386BEC0005697B6 /* AppDelegate.swift */,
				C47DC63B2386BEC2005697B6 /* Assets.xcassets */,
				C47DC63D2386BEC2005697B6 /* LaunchScreen.storyboard */,
				C47DC6402386BEC2005697B6 /* Info.plist */,
				C47DC6382386BEC0005697B6 /* OlaAssignment.xcdatamodeld */,
			);
			path = OlaAssignment;
			sourceTree = "<group>";
		};
		C47DC6482386BEC2005697B6 /* OlaAssignmentTests */ = {
			isa = PBXGroup;
			children = (
				C47DC6492386BEC2005697B6 /* OlaAssignmentTests.swift */,
				C47DC64B2386BEC2005697B6 /* Info.plist */,
			);
			path = OlaAssignmentTests;
			sourceTree = "<group>";
		};
		C47DC6542386BEF9005697B6 /* Model */ = {
			isa = PBXGroup;
			children = (
				C47DC6582386BF29005697B6 /* Location.swift */,
				C47DC6572386BF29005697B6 /* MapDetailsModel.swift */,
				C47DC6592386BF29005697B6 /* VehicleDetails.swift */,
			);
			path = Model;
			sourceTree = "<group>";
		};
		C47DC6552386BEF9005697B6 /* View */ = {
			isa = PBXGroup;
			children = (
				C47DC6332386BEC0005697B6 /* ViewController.swift */,
				C47DC6352386BEC0005697B6 /* Main.storyboard */,
				C47DC6682386C752005697B6 /* CabInfoCell.swift */,
				C47DC6692386C752005697B6 /* CabInfoCell.xib */,
			);
			path = View;
			sourceTree = "<group>";
		};
		C47DC6562386BEF9005697B6 /* ViewModel */ = {
			isa = PBXGroup;
			children = (
				C47DC65D2386BF57005697B6 /* MapDetailsViewModel.swift */,
			);
			path = ViewModel;
			sourceTree = "<group>";
		};
		C47DC65F2386BFB1005697B6 /* Utility */ = {
			isa = PBXGroup;
			children = (
				C47DC6602386BFB2005697B6 /* APIErrors.swift */,
				C47DC6612386BFB2005697B6 /* NetworkDataLoader.swift */,
				C47DC6622386BFB2005697B6 /* String+URLRequest.swift */,
				C47DC66C2386C8D9005697B6 /* AsyncImageView.swift */,
			);
			path = Utility;
			sourceTree = "<group>";
		};
/* End PBXGroup section */

/* Begin PBXNativeTarget section */
		C47DC62D2386BEC0005697B6 /* OlaAssignment */ = {
			isa = PBXNativeTarget;
			buildConfigurationList = C47DC64E2386BEC2005697B6 /* Build configuration list for PBXNativeTarget "OlaAssignment" */;
			buildPhases = (
				C47DC62A2386BEC0005697B6 /* Sources */,
				C47DC62B2386BEC0005697B6 /* Frameworks */,
				C47DC62C2386BEC0005697B6 /* Resources */,
			);
			buildRules = (
			);
			dependencies = (
			);
			name = OlaAssignment;
			productName = OlaAssignment;
			productReference = C47DC62E2386BEC0005697B6 /* OlaAssignment.app */;
			productType = "com.apple.product-type.application";
		};
		C47DC6442386BEC2005697B6 /* OlaAssignmentTests */ = {
			isa = PBXNativeTarget;
			buildConfigurationList = C47DC6512386BEC2005697B6 /* Build configuration list for PBXNativeTarget "OlaAssignmentTests" */;
			buildPhases = (
				C47DC6412386BEC2005697B6 /* Sources */,
				C47DC6422386BEC2005697B6 /* Frameworks */,
				C47DC6432386BEC2005697B6 /* Resources */,
			);
			buildRules = (
			);
			dependencies = (
				C47DC6472386BEC2005697B6 /* PBXTargetDependency */,
			);
			name = OlaAssignmentTests;
			productName = OlaAssignmentTests;
			productReference = C47DC6452386BEC2005697B6 /* OlaAssignmentTests.xctest */;
			productType = "com.apple.product-type.bundle.unit-test";
		};
/* End PBXNativeTarget section */

/* Begin PBXProject section */
		C47DC6262386BEC0005697B6 /* Project object */ = {
			isa = PBXProject;
			attributes = {
				LastSwiftUpdateCheck = 1030;
				LastUpgradeCheck = 1030;
				ORGANIZATIONNAME = "Himanshu Saraswat";
				TargetAttributes = {
					C47DC62D2386BEC0005697B6 = {
						CreatedOnToolsVersion = 10.3;
					};
					C47DC6442386BEC2005697B6 = {
						CreatedOnToolsVersion = 10.3;
						TestTargetID = C47DC62D2386BEC0005697B6;
					};
				};
			};
			buildConfigurationList = C47DC6292386BEC0005697B6 /* Build configuration list for PBXProject "OlaAssignment" */;
			compatibilityVersion = "Xcode 9.3";
			developmentRegion = en;
			hasScannedForEncodings = 0;
			knownRegions = (
				en,
				Base,
			);
			mainGroup = C47DC6252386BEC0005697B6;
			productRefGroup = C47DC62F2386BEC0005697B6 /* Products */;
			projectDirPath = "";
			projectRoot = "";
			targets = (
				C47DC62D2386BEC0005697B6 /* OlaAssignment */,
				C47DC6442386BEC2005697B6 /* OlaAssignmentTests */,
			);
		};
/* End PBXProject section */

/* Begin PBXResourcesBuildPhase section */
		C47DC62C2386BEC0005697B6 /* Resources */ = {
			isa = PBXResourcesBuildPhase;
			buildActionMask = 2147483647;
			files = (
				C47DC63F2386BEC2005697B6 /* LaunchScreen.storyboard in Resources */,
				C47DC63C2386BEC2005697B6 /* Assets.xcassets in Resources */,
				C47DC66B2386C752005697B6 /* CabInfoCell.xib in Resources */,
				C47DC6372386BEC0005697B6 /* Main.storyboard in Resources */,
			);
			runOnlyForDeploymentPostprocessing = 0;
		};
		C47DC6432386BEC2005697B6 /* Resources */ = {
			isa = PBXResourcesBuildPhase;
			buildActionMask = 2147483647;
			files = (
			);
			runOnlyForDeploymentPostprocessing = 0;
		};
/* End PBXResourcesBuildPhase section */

/* Begin PBXSourcesBuildPhase section */
		C47DC62A2386BEC0005697B6 /* Sources */ = {
			isa = PBXSourcesBuildPhase;
			buildActionMask = 2147483647;
			files = (
				C47DC6342386BEC0005697B6 /* ViewController.swift in Sources */,
				C47DC6642386BFB2005697B6 /* APIErrors.swift in Sources */,
				C47DC65A2386BF29005697B6 /* MapDetailsModel.swift in Sources */,
				C47DC66A2386C752005697B6 /* CabInfoCell.swift in Sources */,
				C47DC65B2386BF29005697B6 /* Location.swift in Sources */,
				C47DC6662386BFB2005697B6 /* String+URLRequest.swift in Sources */,
				C47DC65C2386BF29005697B6 /* VehicleDetails.swift in Sources */,
				C47DC6652386BFB2005697B6 /* NetworkDataLoader.swift in Sources */,
				C47DC63A2386BEC0005697B6 /* OlaAssignment.xcdatamodeld in Sources */,
				C47DC6322386BEC0005697B6 /* AppDelegate.swift in Sources */,
				C47DC65E2386BF57005697B6 /* MapDetailsViewModel.swift in Sources */,
				C47DC66D2386C8D9005697B6 /* AsyncImageView.swift in Sources */,
			);
			runOnlyForDeploymentPostprocessing = 0;
		};
		C47DC6412386BEC2005697B6 /* Sources */ = {
			isa = PBXSourcesBuildPhase;
			buildActionMask = 2147483647;
			files = (
				C47DC64A2386BEC2005697B6 /* OlaAssignmentTests.swift in Sources */,
			);
			runOnlyForDeploymentPostprocessing = 0;
		};
/* End PBXSourcesBuildPhase section */

/* Begin PBXTargetDependency section */
		C47DC6472386BEC2005697B6 /* PBXTargetDependency */ = {
			isa = PBXTargetDependency;
			target = C47DC62D2386BEC0005697B6 /* OlaAssignment */;
			targetProxy = C47DC6462386BEC2005697B6 /* PBXContainerItemProxy */;
		};
/* End PBXTargetDependency section */

/* Begin PBXVariantGroup section */
		C47DC6352386BEC0005697B6 /* Main.storyboard */ = {
			isa = PBXVariantGroup;
			children = (
				C47DC6362386BEC0005697B6 /* Base */,
			);
			name = Main.storyboard;
			sourceTree = "<group>";
		};
		C47DC63D2386BEC2005697B6 /* LaunchScreen.storyboard */ = {
			isa = PBXVariantGroup;
			children = (
				C47DC63E2386BEC2005697B6 /* Base */,
			);
			name = LaunchScreen.storyboard;
			sourceTree = "<group>";
		};
/* End PBXVariantGroup section */

/* Begin XCBuildConfiguration section */
		C47DC64C2386BEC2005697B6 /* Debug */ = {
			isa = XCBuildConfiguration;
			buildSettings = {
				ALWAYS_SEARCH_USER_PATHS = NO;
				CLANG_ANALYZER_NONNULL = YES;
				CLANG_ANALYZER_NUMBER_OBJECT_CONVERSION = YES_AGGRESSIVE;
				CLANG_CXX_LANGUAGE_STANDARD = "gnu++14";
				CLANG_CXX_LIBRARY = "libc++";
				CLANG_ENABLE_MODULES = YES;
				CLANG_ENABLE_OBJC_ARC = YES;
				CLANG_ENABLE_OBJC_WEAK = YES;
				CLANG_WARN_BLOCK_CAPTURE_AUTORELEASING = YES;
				CLANG_WARN_BOOL_CONVERSION = YES;
				CLANG_WARN_COMMA = YES;
				CLANG_WARN_CONSTANT_CONVERSION = YES;
				CLANG_WARN_DEPRECATED_OBJC_IMPLEMENTATIONS = YES;
				CLANG_WARN_DIRECT_OBJC_ISA_USAGE = YES_ERROR;
				CLANG_WARN_DOCUMENTATION_COMMENTS = YES;
				CLANG_WARN_EMPTY_BODY = YES;
				CLANG_WARN_ENUM_CONVERSION = YES;
				CLANG_WARN_INFINITE_RECURSION = YES;
				CLANG_WARN_INT_CONVERSION = YES;
				CLANG_WARN_NON_LITERAL_NULL_CONVERSION = YES;
				CLANG_WARN_OBJC_IMPLICIT_RETAIN_SELF = YES;
				CLANG_WARN_OBJC_LITERAL_CONVERSION = YES;
				CLANG_WARN_OBJC_ROOT_CLASS = YES_ERROR;
				CLANG_WARN_RANGE_LOOP_ANALYSIS = YES;
				CLANG_WARN_STRICT_PROTOTYPES = YES;
				CLANG_WARN_SUSPICIOUS_MOVE = YES;
				CLANG_WARN_UNGUARDED_AVAILABILITY = YES_AGGRESSIVE;
				CLANG_WARN_UNREACHABLE_CODE = YES;
				CLANG_WARN__DUPLICATE_METHOD_MATCH = YES;
				CODE_SIGN_IDENTITY = "iPhone Developer";
				COPY_PHASE_STRIP = NO;
				DEBUG_INFORMATION_FORMAT = dwarf;
				ENABLE_STRICT_OBJC_MSGSEND = YES;
				ENABLE_TESTABILITY = YES;
				GCC_C_LANGUAGE_STANDARD = gnu11;
				GCC_DYNAMIC_NO_PIC = NO;
				GCC_NO_COMMON_BLOCKS = YES;
				GCC_OPTIMIZATION_LEVEL = 0;
				GCC_PREPROCESSOR_DEFINITIONS = (
					"DEBUG=1",
					"$(inherited)",
				);
				GCC_WARN_64_TO_32_BIT_CONVERSION = YES;
				GCC_WARN_ABOUT_RETURN_TYPE = YES_ERROR;
				GCC_WARN_UNDECLARED_SELECTOR = YES;
				GCC_WARN_UNINITIALIZED_AUTOS = YES_AGGRESSIVE;
				GCC_WARN_UNUSED_FUNCTION = YES;
				GCC_WARN_UNUSED_VARIABLE = YES;
				IPHONEOS_DEPLOYMENT_TARGET = 12.4;
				MTL_ENABLE_DEBUG_INFO = INCLUDE_SOURCE;
				MTL_FAST_MATH = YES;
				ONLY_ACTIVE_ARCH = YES;
				SDKROOT = iphoneos;
				SWIFT_ACTIVE_COMPILATION_CONDITIONS = DEBUG;
				SWIFT_OPTIMIZATION_LEVEL = "-Onone";
			};
			name = Debug;
		};
		C47DC64D2386BEC2005697B6 /* Release */ = {
			isa = XCBuildConfiguration;
			buildSettings = {
				ALWAYS_SEARCH_USER_PATHS = NO;
				CLANG_ANALYZER_NONNULL = YES;
				CLANG_ANALYZER_NUMBER_OBJECT_CONVERSION = YES_AGGRESSIVE;
				CLANG_CXX_LANGUAGE_STANDARD = "gnu++14";
				CLANG_CXX_LIBRARY = "libc++";
				CLANG_ENABLE_MODULES = YES;
				CLANG_ENABLE_OBJC_ARC = YES;
				CLANG_ENABLE_OBJC_WEAK = YES;
				CLANG_WARN_BLOCK_CAPTURE_AUTORELEASING = YES;
				CLANG_WARN_BOOL_CONVERSION = YES;
				CLANG_WARN_COMMA = YES;
				CLANG_WARN_CONSTANT_CONVERSION = YES;
				CLANG_WARN_DEPRECATED_OBJC_IMPLEMENTATIONS = YES;
				CLANG_WARN_DIRECT_OBJC_ISA_USAGE = YES_ERROR;
				CLANG_WARN_DOCUMENTATION_COMMENTS = YES;
				CLANG_WARN_EMPTY_BODY = YES;
				CLANG_WARN_ENUM_CONVERSION = YES;
				CLANG_WARN_INFINITE_RECURSION = YES;
				CLANG_WARN_INT_CONVERSION = YES;
				CLANG_WARN_NON_LITERAL_NULL_CONVERSION = YES;
				CLANG_WARN_OBJC_IMPLICIT_RETAIN_SELF = YES;
				CLANG_WARN_OBJC_LITERAL_CONVERSION = YES;
				CLANG_WARN_OBJC_ROOT_CLASS = YES_ERROR;
				CLANG_WARN_RANGE_LOOP_ANALYSIS = YES;
				CLANG_WARN_STRICT_PROTOTYPES = YES;
				CLANG_WARN_SUSPICIOUS_MOVE = YES;
				CLANG_WARN_UNGUARDED_AVAILABILITY = YES_AGGRESSIVE;
				CLANG_WARN_UNREACHABLE_CODE = YES;
				CLANG_WARN__DUPLICATE_METHOD_MATCH = YES;
				CODE_SIGN_IDENTITY = "iPhone Developer";
				COPY_PHASE_STRIP = NO;
				DEBUG_INFORMATION_FORMAT = "dwarf-with-dsym";
				ENABLE_NS_ASSERTIONS = NO;
				ENABLE_STRICT_OBJC_MSGSEND = YES;
				GCC_C_LANGUAGE_STANDARD = gnu11;
				GCC_NO_COMMON_BLOCKS = YES;
				GCC_WARN_64_TO_32_BIT_CONVERSION = YES;
				GCC_WARN_ABOUT_RETURN_TYPE = YES_ERROR;
				GCC_WARN_UNDECLARED_SELECTOR = YES;
				GCC_WARN_UNINITIALIZED_AUTOS = YES_AGGRESSIVE;
				GCC_WARN_UNUSED_FUNCTION = YES;
				GCC_WARN_UNUSED_VARIABLE = YES;
				IPHONEOS_DEPLOYMENT_TARGET = 12.4;
				MTL_ENABLE_DEBUG_INFO = NO;
				MTL_FAST_MATH = YES;
				SDKROOT = iphoneos;
				SWIFT_COMPILATION_MODE = wholemodule;
				SWIFT_OPTIMIZATION_LEVEL = "-O";
				VALIDATE_PRODUCT = YES;
			};
			name = Release;
		};
		C47DC64F2386BEC2005697B6 /* Debug */ = {
			isa = XCBuildConfiguration;
			buildSettings = {
				ASSETCATALOG_COMPILER_APPICON_NAME = AppIcon;
				CODE_SIGN_STYLE = Automatic;
				INFOPLIST_FILE = OlaAssignment/Info.plist;
				LD_RUNPATH_SEARCH_PATHS = (
					"$(inherited)",
					"@executable_path/Frameworks",
				);
				PRODUCT_BUNDLE_IDENTIFIER = com.test.data.OlaAssignment;
				PRODUCT_NAME = "$(TARGET_NAME)";
				SWIFT_VERSION = 5.0;
				TARGETED_DEVICE_FAMILY = "1,2";
			};
			name = Debug;
		};
		C47DC6502386BEC2005697B6 /* Release */ = {
			isa = XCBuildConfiguration;
			buildSettings = {
				ASSETCATALOG_COMPILER_APPICON_NAME = AppIcon;
				CODE_SIGN_STYLE = Automatic;
				INFOPLIST_FILE = OlaAssignment/Info.plist;
				LD_RUNPATH_SEARCH_PATHS = (
					"$(inherited)",
					"@executable_path/Frameworks",
				);
				PRODUCT_BUNDLE_IDENTIFIER = com.test.data.OlaAssignment;
				PRODUCT_NAME = "$(TARGET_NAME)";
				SWIFT_VERSION = 5.0;
				TARGETED_DEVICE_FAMILY = "1,2";
			};
			name = Release;
		};
		C47DC6522386BEC2005697B6 /* Debug */ = {
			isa = XCBuildConfiguration;
			buildSettings = {
				ALWAYS_EMBED_SWIFT_STANDARD_LIBRARIES = YES;
				BUNDLE_LOADER = "$(TEST_HOST)";
				CODE_SIGN_STYLE = Automatic;
				INFOPLIST_FILE = OlaAssignmentTests/Info.plist;
				LD_RUNPATH_SEARCH_PATHS = (
					"$(inherited)",
					"@executable_path/Frameworks",
					"@loader_path/Frameworks",
				);
				PRODUCT_BUNDLE_IDENTIFIER = com.test.data.OlaAssignmentTests;
				PRODUCT_NAME = "$(TARGET_NAME)";
				SWIFT_VERSION = 5.0;
				TARGETED_DEVICE_FAMILY = "1,2";
				TEST_HOST = "$(BUILT_PRODUCTS_DIR)/OlaAssignment.app/OlaAssignment";
			};
			name = Debug;
		};
		C47DC6532386BEC2005697B6 /* Release */ = {
			isa = XCBuildConfiguration;
			buildSettings = {
				ALWAYS_EMBED_SWIFT_STANDARD_LIBRARIES = YES;
				BUNDLE_LOADER = "$(TEST_HOST)";
				CODE_SIGN_STYLE = Automatic;
				INFOPLIST_FILE = OlaAssignmentTests/Info.plist;
				LD_RUNPATH_SEARCH_PATHS = (
					"$(inherited)",
					"@executable_path/Frameworks",
					"@loader_path/Frameworks",
				);
				PRODUCT_BUNDLE_IDENTIFIER = com.test.data.OlaAssignmentTests;
				PRODUCT_NAME = "$(TARGET_NAME)";
				SWIFT_VERSION = 5.0;
				TARGETED_DEVICE_FAMILY = "1,2";
				TEST_HOST = "$(BUILT_PRODUCTS_DIR)/OlaAssignment.app/OlaAssignment";
			};
			name = Release;
		};
/* End XCBuildConfiguration section */

/* Begin XCConfigurationList section */
		C47DC6292386BEC0005697B6 /* Build configuration list for PBXProject "OlaAssignment" */ = {
			isa = XCConfigurationList;
			buildConfigurations = (
				C47DC64C2386BEC2005697B6 /* Debug */,
				C47DC64D2386BEC2005697B6 /* Release */,
			);
			defaultConfigurationIsVisible = 0;
			defaultConfigurationName = Release;
		};
		C47DC64E2386BEC2005697B6 /* Build configuration list for PBXNativeTarget "OlaAssignment" */ = {
			isa = XCConfigurationList;
			buildConfigurations = (
				C47DC64F2386BEC2005697B6 /* Debug */,
				C47DC6502386BEC2005697B6 /* Release */,
			);
			defaultConfigurationIsVisible = 0;
			defaultConfigurationName = Release;
		};
		C47DC6512386BEC2005697B6 /* Build configuration list for PBXNativeTarget "OlaAssignmentTests" */ = {
			isa = XCConfigurationList;
			buildConfigurations = (
				C47DC6522386BEC2005697B6 /* Debug */,
				C47DC6532386BEC2005697B6 /* Release */,
			);
			defaultConfigurationIsVisible = 0;
			defaultConfigurationName = Release;
		};
/* End XCConfigurationList section */

/* Begin XCVersionGroup section */
		C47DC6382386BEC0005697B6 /* OlaAssignment.xcdatamodeld */ = {
			isa = XCVersionGroup;
			children = (
				C47DC6392386BEC0005697B6 /* OlaAssignment.xcdatamodel */,
			);
			currentVersion = C47DC6392386BEC0005697B6 /* OlaAssignment.xcdatamodel */;
			path = OlaAssignment.xcdatamodeld;
			sourceTree = "<group>";
			versionGroupType = wrapper.xcdatamodel;
		};
/* End XCVersionGroup section */
	};
	rootObject = C47DC6262386BEC0005697B6 /* Project object */;
}
